PODS:
  - Alamofire (4.7.2)
  - CocoaAsyncSocket (7.6.3)
  - GDataXML-HTML (1.4.1)
  - Masonry (1.1.0)
  - MJExtension (3.0.13)
  - Moya/Core (11.0.2):
    - Alamofire (~> 4.1)
    - Result (~> 3.0)
  - Moya/RxSwift (11.0.2):
    - Moya/Core
    - RxSwift (~> 4.0)
  - Realm (3.5.0):
    - Realm/Headers (= 3.5.0)
  - Realm/Headers (3.5.0)
  - RealmSwift (3.5.0):
    - Realm (= 3.5.0)
  - Result (3.2.4)
  - RxCocoa (4.1.2):
    - RxSwift (~> 4.0)
  - RxRealm (0.7.5):
    - RealmSwift (~> 3.0)
    - RxSwift (~> 4.0)
  - RxSwift (4.1.2)
  - SwiftyJSON (4.1.0)

DEPENDENCIES:
  - CocoaAsyncSocket
  - GDataXML-HTML (~> 1.4.1)
  - Masonry (= 1.1.0)
  - MJExtension
  - Moya/RxSwift
  - RxCocoa
  - RxRealm
  - SwiftyJSON

SPEC REPOS:
  https://github.com/cocoapods/specs.git:
    - Alamofire
    - CocoaAsyncSocket
    - GDataXML-HTML
    - Masonry
    - MJExtension
    - Moya
    - Realm
    - RealmSwift
    - Result
    - RxCocoa
    - RxRealm
    - RxSwift
    - SwiftyJSON

SPEC CHECKSUMS:
  Alamofire: e4fa87002c137ba2d8d634d2c51fabcda0d5c223
  CocoaAsyncSocket: eafaa68a7e0ec99ead0a7b35015e0bf25d2c8987
  GDataXML-HTML: a4f11079b48d9fe96ff1fe478943a317185227e2
  Masonry: 678fab65091a9290e40e2832a55e7ab731aad201
  MJExtension: 5932755f451458eefa24239358817f8d291240c7
  Moya: a725035953bc1c0eb1be505ab903984501d82440
  Realm: 0378021c424e4e2bd6a0e63b27881e929d9b9ad1
  RealmSwift: 3322562622fda2ad596985ead4d8d8be30cf838c
  Result: d2d07204ce72856f1fd9130bbe42c35a7b0fea10
  RxCocoa: d88ba0f1f6abf040011a9eb4b539324fc426843a
  RxRealm: a6c6c0a07cb61f34209969ca6657734edfdfff30
  RxSwift: e49536837d9901277638493ea537394d4b55f570
  SwiftyJSON: c29297daf073d2aa016295d5809cdd68045c39b3

PODFILE CHECKSUM: 8ef76ee5eb6ffd754ef7f8aa8c2bfa707831c4e1

COCOAPODS: 1.5.3
