// !$*UTF8*$!
{
	archiveVersion = 1;
	classes = {
	};
	objectVersion = 50;
	objects = {

/* Begin PBXBuildFile section */
		0D4B4B9022675791006DBEC8 /* main.m in Sources */ = {isa = PBXBuildFile; fileRef = 0D4B4B8F22675791006DBEC8 /* main.m */; };
		0D9DDE7E22755E940004091E /* main.m in Sources */ = {isa = PBXBuildFile; fileRef = 0D9DDE7D22755E940004091E /* main.m */; };
		0DA1F752226B148D00C93FEA /* main.m in Sources */ = {isa = PBXBuildFile; fileRef = 0DA1F751226B148D00C93FEA /* main.m */; };
		0DAAB38A22563CBA001F7B57 /* main.m in Sources */ = {isa = PBXBuildFile; fileRef = 0DAAB38922563CBA001F7B57 /* main.m */; };
		0DB3CF05224D9FFF002FF93E /* main.m in Sources */ = {isa = PBXBuildFile; fileRef = 0DB3CF04224D9FFF002FF93E /* main.m */; };
		0DDA138C225E169D00AFAE55 /* main.m in Sources */ = {isa = PBXBuildFile; fileRef = 0DDA138B225E169D00AFAE55 /* main.m */; };
/* End PBXBuildFile section */

/* Begin PBXCopyFilesBuildPhase section */
		0D4B4B8B22675791006DBEC8 /* CopyFiles */ = {
			isa = PBXCopyFilesBuildPhase;
			buildActionMask = 2147483647;
			dstPath = /usr/share/man/man1/;
			dstSubfolderSpec = 0;
			files = (
			);
			runOnlyForDeploymentPostprocessing = 1;
		};
		0D9DDE7922755E940004091E /* CopyFiles */ = {
			isa = PBXCopyFilesBuildPhase;
			buildActionMask = 2147483647;
			dstPath = /usr/share/man/man1/;
			dstSubfolderSpec = 0;
			files = (
			);
			runOnlyForDeploymentPostprocessing = 1;
		};
		0DA1F74D226B148D00C93FEA /* CopyFiles */ = {
			isa = PBXCopyFilesBuildPhase;
			buildActionMask = 2147483647;
			dstPath = /usr/share/man/man1/;
			dstSubfolderSpec = 0;
			files = (
			);
			runOnlyForDeploymentPostprocessing = 1;
		};
		0DAAB38522563CB9001F7B57 /* CopyFiles */ = {
			isa = PBXCopyFilesBuildPhase;
			buildActionMask = 2147483647;
			dstPath = /usr/share/man/man1/;
			dstSubfolderSpec = 0;
			files = (
			);
			runOnlyForDeploymentPostprocessing = 1;
		};
		0DB3CF00224D9FFF002FF93E /* CopyFiles */ = {
			isa = PBXCopyFilesBuildPhase;
			buildActionMask = 2147483647;
			dstPath = /usr/share/man/man1/;
			dstSubfolderSpec = 0;
			files = (
			);
			runOnlyForDeploymentPostprocessing = 1;
		};
		0DDA1381225E168200AFAE55 /* CopyFiles */ = {
			isa = PBXCopyFilesBuildPhase;
			buildActionMask = 2147483647;
			dstPath = /usr/share/man/man1/;
			dstSubfolderSpec = 0;
			files = (
			);
			runOnlyForDeploymentPostprocessing = 1;
		};
/* End PBXCopyFilesBuildPhase section */

/* Begin PBXFileReference section */
		0D4B4B8D22675791006DBEC8 /* 循环链表 */ = {isa = PBXFileReference; explicitFileType = "compiled.mach-o.executable"; includeInIndex = 0; path = "循环链表"; sourceTree = BUILT_PRODUCTS_DIR; };
		0D4B4B8F22675791006DBEC8 /* main.m */ = {isa = PBXFileReference; lastKnownFileType = sourcecode.c.objc; path = main.m; sourceTree = "<group>"; };
		0D9DDE7B22755E940004091E /* 递归 */ = {isa = PBXFileReference; explicitFileType = "compiled.mach-o.executable"; includeInIndex = 0; path = "递归"; sourceTree = BUILT_PRODUCTS_DIR; };
		0D9DDE7D22755E940004091E /* main.m */ = {isa = PBXFileReference; lastKnownFileType = sourcecode.c.objc; path = main.m; sourceTree = "<group>"; };
		0DA1F74F226B148D00C93FEA /* 双向链表 */ = {isa = PBXFileReference; explicitFileType = "compiled.mach-o.executable"; includeInIndex = 0; path = "双向链表"; sourceTree = BUILT_PRODUCTS_DIR; };
		0DA1F751226B148D00C93FEA /* main.m */ = {isa = PBXFileReference; lastKnownFileType = sourcecode.c.objc; path = main.m; sourceTree = "<group>"; };
		0DAAB38722563CB9001F7B57 /* 线性结构-链表 */ = {isa = PBXFileReference; explicitFileType = "compiled.mach-o.executable"; includeInIndex = 0; path = "线性结构-链表"; sourceTree = BUILT_PRODUCTS_DIR; };
		0DAAB38922563CBA001F7B57 /* main.m */ = {isa = PBXFileReference; lastKnownFileType = sourcecode.c.objc; path = main.m; sourceTree = "<group>"; };
		0DB3CF02224D9FFF002FF93E /* 线性结构-顺序结构 */ = {isa = PBXFileReference; explicitFileType = "compiled.mach-o.executable"; includeInIndex = 0; path = "线性结构-顺序结构"; sourceTree = BUILT_PRODUCTS_DIR; };
		0DB3CF04224D9FFF002FF93E /* main.m */ = {isa = PBXFileReference; lastKnownFileType = sourcecode.c.objc; path = main.m; sourceTree = "<group>"; };
		0DDA1383225E168200AFAE55 /* 静态链表 */ = {isa = PBXFileReference; explicitFileType = "compiled.mach-o.executable"; includeInIndex = 0; path = "静态链表"; sourceTree = BUILT_PRODUCTS_DIR; };
		0DDA138B225E169D00AFAE55 /* main.m */ = {isa = PBXFileReference; lastKnownFileType = sourcecode.c.objc; path = main.m; sourceTree = "<group>"; };
/* End PBXFileReference section */

/* Begin PBXFrameworksBuildPhase section */
		0D4B4B8A22675791006DBEC8 /* Frameworks */ = {
			isa = PBXFrameworksBuildPhase;
			buildActionMask = 2147483647;
			files = (
			);
			runOnlyForDeploymentPostprocessing = 0;
		};
		0D9DDE7822755E940004091E /* Frameworks */ = {
			isa = PBXFrameworksBuildPhase;
			buildActionMask = 2147483647;
			files = (
			);
			runOnlyForDeploymentPostprocessing = 0;
		};
		0DA1F74C226B148D00C93FEA /* Frameworks */ = {
			isa = PBXFrameworksBuildPhase;
			buildActionMask = 2147483647;
			files = (
			);
			runOnlyForDeploymentPostprocessing = 0;
		};
		0DAAB38422563CB9001F7B57 /* Frameworks */ = {
			isa = PBXFrameworksBuildPhase;
			buildActionMask = 2147483647;
			files = (
			);
			runOnlyForDeploymentPostprocessing = 0;
		};
		0DB3CEFF224D9FFF002FF93E /* Frameworks */ = {
			isa = PBXFrameworksBuildPhase;
			buildActionMask = 2147483647;
			files = (
			);
			runOnlyForDeploymentPostprocessing = 0;
		};
		0DDA1380225E168200AFAE55 /* Frameworks */ = {
			isa = PBXFrameworksBuildPhase;
			buildActionMask = 2147483647;
			files = (
			);
			runOnlyForDeploymentPostprocessing = 0;
		};
/* End PBXFrameworksBuildPhase section */

/* Begin PBXGroup section */
		0D4B4B8E22675791006DBEC8 /* 循环链表 */ = {
			isa = PBXGroup;
			children = (
				0D4B4B8F22675791006DBEC8 /* main.m */,
			);
			path = "循环链表";
			sourceTree = "<group>";
		};
		0D9DDE7C22755E940004091E /* 递归 */ = {
			isa = PBXGroup;
			children = (
				0D9DDE7D22755E940004091E /* main.m */,
			);
			path = "递归";
			sourceTree = "<group>";
		};
		0DA1F750226B148D00C93FEA /* 双向链表 */ = {
			isa = PBXGroup;
			children = (
				0DA1F751226B148D00C93FEA /* main.m */,
			);
			path = "双向链表";
			sourceTree = "<group>";
		};
		0DAAB38822563CBA001F7B57 /* 线性结构-链表 */ = {
			isa = PBXGroup;
			children = (
				0DAAB38922563CBA001F7B57 /* main.m */,
			);
			path = "线性结构-链表";
			sourceTree = "<group>";
		};
		0DAFC8562249D1B5009DADD7 = {
			isa = PBXGroup;
			children = (
				0DB3CF03224D9FFF002FF93E /* 线性结构-顺序结构 */,
				0DAAB38822563CBA001F7B57 /* 线性结构-链表 */,
				0DDA1384225E168200AFAE55 /* 静态链表 */,
				0D4B4B8E22675791006DBEC8 /* 循环链表 */,
				0DA1F750226B148D00C93FEA /* 双向链表 */,
				0D9DDE7C22755E940004091E /* 递归 */,
				0DAFC8602249D1B5009DADD7 /* Products */,
			);
			sourceTree = "<group>";
		};
		0DAFC8602249D1B5009DADD7 /* Products */ = {
			isa = PBXGroup;
			children = (
				0DB3CF02224D9FFF002FF93E /* 线性结构-顺序结构 */,
				0DAAB38722563CB9001F7B57 /* 线性结构-链表 */,
				0DDA1383225E168200AFAE55 /* 静态链表 */,
				0D4B4B8D22675791006DBEC8 /* 循环链表 */,
				0DA1F74F226B148D00C93FEA /* 双向链表 */,
				0D9DDE7B22755E940004091E /* 递归 */,
			);
			name = Products;
			sourceTree = "<group>";
		};
		0DB3CF03224D9FFF002FF93E /* 线性结构-顺序结构 */ = {
			isa = PBXGroup;
			children = (
				0DB3CF04224D9FFF002FF93E /* main.m */,
			);
			path = "线性结构-顺序结构";
			sourceTree = "<group>";
		};
		0DDA1384225E168200AFAE55 /* 静态链表 */ = {
			isa = PBXGroup;
			children = (
				0DDA138B225E169D00AFAE55 /* main.m */,
			);
			path = "静态链表";
			sourceTree = "<group>";
		};
/* End PBXGroup section */

/* Begin PBXNativeTarget section */
		0D4B4B8C22675791006DBEC8 /* 循环链表 */ = {
			isa = PBXNativeTarget;
			buildConfigurationList = 0D4B4B9322675791006DBEC8 /* Build configuration list for PBXNativeTarget "循环链表" */;
			buildPhases = (
				0D4B4B8922675791006DBEC8 /* Sources */,
				0D4B4B8A22675791006DBEC8 /* Frameworks */,
				0D4B4B8B22675791006DBEC8 /* CopyFiles */,
			);
			buildRules = (
			);
			dependencies = (
			);
			name = "循环链表";
			productName = "循环链表";
			productReference = 0D4B4B8D22675791006DBEC8 /* 循环链表 */;
			productType = "com.apple.product-type.tool";
		};
		0D9DDE7A22755E940004091E /* 递归 */ = {
			isa = PBXNativeTarget;
			buildConfigurationList = 0D9DDE8122755E940004091E /* Build configuration list for PBXNativeTarget "递归" */;
			buildPhases = (
				0D9DDE7722755E940004091E /* Sources */,
				0D9DDE7822755E940004091E /* Frameworks */,
				0D9DDE7922755E940004091E /* CopyFiles */,
			);
			buildRules = (
			);
			dependencies = (
			);
			name = "递归";
			productName = "递归";
			productReference = 0D9DDE7B22755E940004091E /* 递归 */;
			productType = "com.apple.product-type.tool";
		};
		0DA1F74E226B148D00C93FEA /* 双向链表 */ = {
			isa = PBXNativeTarget;
			buildConfigurationList = 0DA1F755226B148D00C93FEA /* Build configuration list for PBXNativeTarget "双向链表" */;
			buildPhases = (
				0DA1F74B226B148D00C93FEA /* Sources */,
				0DA1F74C226B148D00C93FEA /* Frameworks */,
				0DA1F74D226B148D00C93FEA /* CopyFiles */,
			);
			buildRules = (
			);
			dependencies = (
			);
			name = "双向链表";
			productName = "双向链表";
			productReference = 0DA1F74F226B148D00C93FEA /* 双向链表 */;
			productType = "com.apple.product-type.tool";
		};
		0DAAB38622563CB9001F7B57 /* 线性结构-链表 */ = {
			isa = PBXNativeTarget;
			buildConfigurationList = 0DAAB38D22563CBA001F7B57 /* Build configuration list for PBXNativeTarget "线性结构-链表" */;
			buildPhases = (
				0DAAB38322563CB9001F7B57 /* Sources */,
				0DAAB38422563CB9001F7B57 /* Frameworks */,
				0DAAB38522563CB9001F7B57 /* CopyFiles */,
			);
			buildRules = (
			);
			dependencies = (
			);
			name = "线性结构-链表";
			productName = "线性结构-链表";
			productReference = 0DAAB38722563CB9001F7B57 /* 线性结构-链表 */;
			productType = "com.apple.product-type.tool";
		};
		0DB3CF01224D9FFF002FF93E /* 线性结构-顺序结构 */ = {
			isa = PBXNativeTarget;
			buildConfigurationList = 0DB3CF06224D9FFF002FF93E /* Build configuration list for PBXNativeTarget "线性结构-顺序结构" */;
			buildPhases = (
				0DB3CEFE224D9FFF002FF93E /* Sources */,
				0DB3CEFF224D9FFF002FF93E /* Frameworks */,
				0DB3CF00224D9FFF002FF93E /* CopyFiles */,
			);
			buildRules = (
			);
			dependencies = (
			);
			name = "线性结构-顺序结构";
			productName = "线性结构-顺序结构";
			productReference = 0DB3CF02224D9FFF002FF93E /* 线性结构-顺序结构 */;
			productType = "com.apple.product-type.tool";
		};
		0DDA1382225E168200AFAE55 /* 静态链表 */ = {
			isa = PBXNativeTarget;
			buildConfigurationList = 0DDA1389225E168200AFAE55 /* Build configuration list for PBXNativeTarget "静态链表" */;
			buildPhases = (
				0DDA137F225E168200AFAE55 /* Sources */,
				0DDA1380225E168200AFAE55 /* Frameworks */,
				0DDA1381225E168200AFAE55 /* CopyFiles */,
			);
			buildRules = (
			);
			dependencies = (
			);
			name = "静态链表";
			productName = "静态链表";
			productReference = 0DDA1383225E168200AFAE55 /* 静态链表 */;
			productType = "com.apple.product-type.tool";
		};
/* End PBXNativeTarget section */

/* Begin PBXProject section */
		0DAFC8572249D1B5009DADD7 /* Project object */ = {
			isa = PBXProject;
			attributes = {
				LastSwiftUpdateCheck = 1010;
				LastUpgradeCheck = 1010;
				ORGANIZATIONNAME = lingda;
				TargetAttributes = {
					0D4B4B8C22675791006DBEC8 = {
						CreatedOnToolsVersion = 10.1;
					};
					0D9DDE7A22755E940004091E = {
						CreatedOnToolsVersion = 10.1;
					};
					0DA1F74E226B148D00C93FEA = {
						CreatedOnToolsVersion = 10.1;
					};
					0DAAB38622563CB9001F7B57 = {
						CreatedOnToolsVersion = 10.1;
					};
					0DB3CF01224D9FFF002FF93E = {
						CreatedOnToolsVersion = 10.1;
					};
					0DDA1382225E168200AFAE55 = {
						CreatedOnToolsVersion = 10.1;
					};
				};
			};
			buildConfigurationList = 0DAFC85A2249D1B5009DADD7 /* Build configuration list for PBXProject "数据结构与算法" */;
			compatibilityVersion = "Xcode 9.3";
			developmentRegion = en;
			hasScannedForEncodings = 0;
			knownRegions = (
				en,
			);
			mainGroup = 0DAFC8562249D1B5009DADD7;
			productRefGroup = 0DAFC8602249D1B5009DADD7 /* Products */;
			projectDirPath = "";
			projectRoot = "";
			targets = (
				0DB3CF01224D9FFF002FF93E /* 线性结构-顺序结构 */,
				0DAAB38622563CB9001F7B57 /* 线性结构-链表 */,
				0DDA1382225E168200AFAE55 /* 静态链表 */,
				0D4B4B8C22675791006DBEC8 /* 循环链表 */,
				0DA1F74E226B148D00C93FEA /* 双向链表 */,
				0D9DDE7A22755E940004091E /* 递归 */,
			);
		};
/* End PBXProject section */

/* Begin PBXSourcesBuildPhase section */
		0D4B4B8922675791006DBEC8 /* Sources */ = {
			isa = PBXSourcesBuildPhase;
			buildActionMask = 2147483647;
			files = (
				0D4B4B9022675791006DBEC8 /* main.m in Sources */,
			);
			runOnlyForDeploymentPostprocessing = 0;
		};
		0D9DDE7722755E940004091E /* Sources */ = {
			isa = PBXSourcesBuildPhase;
			buildActionMask = 2147483647;
			files = (
				0D9DDE7E22755E940004091E /* main.m in Sources */,
			);
			runOnlyForDeploymentPostprocessing = 0;
		};
		0DA1F74B226B148D00C93FEA /* Sources */ = {
			isa = PBXSourcesBuildPhase;
			buildActionMask = 2147483647;
			files = (
				0DA1F752226B148D00C93FEA /* main.m in Sources */,
			);
			runOnlyForDeploymentPostprocessing = 0;
		};
		0DAAB38322563CB9001F7B57 /* Sources */ = {
			isa = PBXSourcesBuildPhase;
			buildActionMask = 2147483647;
			files = (
				0DAAB38A22563CBA001F7B57 /* main.m in Sources */,
			);
			runOnlyForDeploymentPostprocessing = 0;
		};
		0DB3CEFE224D9FFF002FF93E /* Sources */ = {
			isa = PBXSourcesBuildPhase;
			buildActionMask = 2147483647;
			files = (
				0DB3CF05224D9FFF002FF93E /* main.m in Sources */,
			);
			runOnlyForDeploymentPostprocessing = 0;
		};
		0DDA137F225E168200AFAE55 /* Sources */ = {
			isa = PBXSourcesBuildPhase;
			buildActionMask = 2147483647;
			files = (
				0DDA138C225E169D00AFAE55 /* main.m in Sources */,
			);
			runOnlyForDeploymentPostprocessing = 0;
		};
/* End PBXSourcesBuildPhase section */

/* Begin XCBuildConfiguration section */
		0D4B4B9122675791006DBEC8 /* Debug */ = {
			isa = XCBuildConfiguration;
			buildSettings = {
				CODE_SIGN_STYLE = Automatic;
				PRODUCT_NAME = "$(TARGET_NAME)";
			};
			name = Debug;
		};
		0D4B4B9222675791006DBEC8 /* Release */ = {
			isa = XCBuildConfiguration;
			buildSettings = {
				CODE_SIGN_STYLE = Automatic;
				PRODUCT_NAME = "$(TARGET_NAME)";
			};
			name = Release;
		};
		0D9DDE7F22755E940004091E /* Debug */ = {
			isa = XCBuildConfiguration;
			buildSettings = {
				CODE_SIGN_STYLE = Automatic;
				PRODUCT_NAME = "$(TARGET_NAME)";
			};
			name = Debug;
		};
		0D9DDE8022755E940004091E /* Release */ = {
			isa = XCBuildConfiguration;
			buildSettings = {
				CODE_SIGN_STYLE = Automatic;
				PRODUCT_NAME = "$(TARGET_NAME)";
			};
			name = Release;
		};
		0DA1F753226B148D00C93FEA /* Debug */ = {
			isa = XCBuildConfiguration;
			buildSettings = {
				CODE_SIGN_STYLE = Automatic;
				PRODUCT_NAME = "$(TARGET_NAME)";
			};
			name = Debug;
		};
		0DA1F754226B148D00C93FEA /* Release */ = {
			isa = XCBuildConfiguration;
			buildSettings = {
				CODE_SIGN_STYLE = Automatic;
				PRODUCT_NAME = "$(TARGET_NAME)";
			};
			name = Release;
		};
		0DAAB38B22563CBA001F7B57 /* Debug */ = {
			isa = XCBuildConfiguration;
			buildSettings = {
				CODE_SIGN_STYLE = Automatic;
				PRODUCT_NAME = "$(TARGET_NAME)";
				SWIFT_ACTIVE_COMPILATION_CONDITIONS = DEBUG;
				SWIFT_OPTIMIZATION_LEVEL = "-Onone";
				SWIFT_VERSION = 4.2;
			};
			name = Debug;
		};
		0DAAB38C22563CBA001F7B57 /* Release */ = {
			isa = XCBuildConfiguration;
			buildSettings = {
				CODE_SIGN_STYLE = Automatic;
				PRODUCT_NAME = "$(TARGET_NAME)";
				SWIFT_COMPILATION_MODE = wholemodule;
				SWIFT_OPTIMIZATION_LEVEL = "-O";
				SWIFT_VERSION = 4.2;
			};
			name = Release;
		};
		0DAFC8642249D1B5009DADD7 /* Debug */ = {
			isa = XCBuildConfiguration;
			buildSettings = {
				ALWAYS_SEARCH_USER_PATHS = NO;
				CLANG_ANALYZER_NONNULL = YES;
				CLANG_ANALYZER_NUMBER_OBJECT_CONVERSION = YES_AGGRESSIVE;
				CLANG_CXX_LANGUAGE_STANDARD = "gnu++14";
				CLANG_CXX_LIBRARY = "libc++";
				CLANG_ENABLE_MODULES = YES;
				CLANG_ENABLE_OBJC_ARC = YES;
				CLANG_ENABLE_OBJC_WEAK = YES;
				CLANG_WARN_BLOCK_CAPTURE_AUTORELEASING = YES;
				CLANG_WARN_BOOL_CONVERSION = YES;
				CLANG_WARN_COMMA = YES;
				CLANG_WARN_CONSTANT_CONVERSION = YES;
				CLANG_WARN_DEPRECATED_OBJC_IMPLEMENTATIONS = YES;
				CLANG_WARN_DIRECT_OBJC_ISA_USAGE = YES_ERROR;
				CLANG_WARN_DOCUMENTATION_COMMENTS = YES;
				CLANG_WARN_EMPTY_BODY = YES;
				CLANG_WARN_ENUM_CONVERSION = YES;
				CLANG_WARN_INFINITE_RECURSION = YES;
				CLANG_WARN_INT_CONVERSION = YES;
				CLANG_WARN_NON_LITERAL_NULL_CONVERSION = YES;
				CLANG_WARN_OBJC_IMPLICIT_RETAIN_SELF = YES;
				CLANG_WARN_OBJC_LITERAL_CONVERSION = YES;
				CLANG_WARN_OBJC_ROOT_CLASS = YES_ERROR;
				CLANG_WARN_RANGE_LOOP_ANALYSIS = YES;
				CLANG_WARN_STRICT_PROTOTYPES = YES;
				CLANG_WARN_SUSPICIOUS_MOVE = YES;
				CLANG_WARN_UNGUARDED_AVAILABILITY = YES_AGGRESSIVE;
				CLANG_WARN_UNREACHABLE_CODE = YES;
				CLANG_WARN__DUPLICATE_METHOD_MATCH = YES;
				CODE_SIGN_IDENTITY = "-";
				COPY_PHASE_STRIP = NO;
				DEBUG_INFORMATION_FORMAT = dwarf;
				ENABLE_STRICT_OBJC_MSGSEND = YES;
				ENABLE_TESTABILITY = YES;
				GCC_C_LANGUAGE_STANDARD = gnu11;
				GCC_DYNAMIC_NO_PIC = NO;
				GCC_NO_COMMON_BLOCKS = YES;
				GCC_OPTIMIZATION_LEVEL = 0;
				GCC_PREPROCESSOR_DEFINITIONS = (
					"DEBUG=1",
					"$(inherited)",
				);
				GCC_WARN_64_TO_32_BIT_CONVERSION = YES;
				GCC_WARN_ABOUT_RETURN_TYPE = YES_ERROR;
				GCC_WARN_UNDECLARED_SELECTOR = YES;
				GCC_WARN_UNINITIALIZED_AUTOS = YES_AGGRESSIVE;
				GCC_WARN_UNUSED_FUNCTION = YES;
				GCC_WARN_UNUSED_VARIABLE = YES;
				MACOSX_DEPLOYMENT_TARGET = 10.13;
				MTL_ENABLE_DEBUG_INFO = INCLUDE_SOURCE;
				MTL_FAST_MATH = YES;
				ONLY_ACTIVE_ARCH = YES;
				SDKROOT = macosx;
			};
			name = Debug;
		};
		0DAFC8652249D1B5009DADD7 /* Release */ = {
			isa = XCBuildConfiguration;
			buildSettings = {
				ALWAYS_SEARCH_USER_PATHS = NO;
				CLANG_ANALYZER_NONNULL = YES;
				CLANG_ANALYZER_NUMBER_OBJECT_CONVERSION = YES_AGGRESSIVE;
				CLANG_CXX_LANGUAGE_STANDARD = "gnu++14";
				CLANG_CXX_LIBRARY = "libc++";
				CLANG_ENABLE_MODULES = YES;
				CLANG_ENABLE_OBJC_ARC = YES;
				CLANG_ENABLE_OBJC_WEAK = YES;
				CLANG_WARN_BLOCK_CAPTURE_AUTORELEASING = YES;
				CLANG_WARN_BOOL_CONVERSION = YES;
				CLANG_WARN_COMMA = YES;
				CLANG_WARN_CONSTANT_CONVERSION = YES;
				CLANG_WARN_DEPRECATED_OBJC_IMPLEMENTATIONS = YES;
				CLANG_WARN_DIRECT_OBJC_ISA_USAGE = YES_ERROR;
				CLANG_WARN_DOCUMENTATION_COMMENTS = YES;
				CLANG_WARN_EMPTY_BODY = YES;
				CLANG_WARN_ENUM_CONVERSION = YES;
				CLANG_WARN_INFINITE_RECURSION = YES;
				CLANG_WARN_INT_CONVERSION = YES;
				CLANG_WARN_NON_LITERAL_NULL_CONVERSION = YES;
				CLANG_WARN_OBJC_IMPLICIT_RETAIN_SELF = YES;
				CLANG_WARN_OBJC_LITERAL_CONVERSION = YES;
				CLANG_WARN_OBJC_ROOT_CLASS = YES_ERROR;
				CLANG_WARN_RANGE_LOOP_ANALYSIS = YES;
				CLANG_WARN_STRICT_PROTOTYPES = YES;
				CLANG_WARN_SUSPICIOUS_MOVE = YES;
				CLANG_WARN_UNGUARDED_AVAILABILITY = YES_AGGRESSIVE;
				CLANG_WARN_UNREACHABLE_CODE = YES;
				CLANG_WARN__DUPLICATE_METHOD_MATCH = YES;
				CODE_SIGN_IDENTITY = "-";
				COPY_PHASE_STRIP = NO;
				DEBUG_INFORMATION_FORMAT = "dwarf-with-dsym";
				ENABLE_NS_ASSERTIONS = NO;
				ENABLE_STRICT_OBJC_MSGSEND = YES;
				GCC_C_LANGUAGE_STANDARD = gnu11;
				GCC_NO_COMMON_BLOCKS = YES;
				GCC_WARN_64_TO_32_BIT_CONVERSION = YES;
				GCC_WARN_ABOUT_RETURN_TYPE = YES_ERROR;
				GCC_WARN_UNDECLARED_SELECTOR = YES;
				GCC_WARN_UNINITIALIZED_AUTOS = YES_AGGRESSIVE;
				GCC_WARN_UNUSED_FUNCTION = YES;
				GCC_WARN_UNUSED_VARIABLE = YES;
				MACOSX_DEPLOYMENT_TARGET = 10.13;
				MTL_ENABLE_DEBUG_INFO = NO;
				MTL_FAST_MATH = YES;
				SDKROOT = macosx;
			};
			name = Release;
		};
		0DB3CF07224D9FFF002FF93E /* Debug */ = {
			isa = XCBuildConfiguration;
			buildSettings = {
				CODE_SIGN_STYLE = Automatic;
				PRODUCT_NAME = "$(TARGET_NAME)";
			};
			name = Debug;
		};
		0DB3CF08224D9FFF002FF93E /* Release */ = {
			isa = XCBuildConfiguration;
			buildSettings = {
				CODE_SIGN_STYLE = Automatic;
				PRODUCT_NAME = "$(TARGET_NAME)";
			};
			name = Release;
		};
		0DDA1387225E168200AFAE55 /* Debug */ = {
			isa = XCBuildConfiguration;
			buildSettings = {
				CODE_SIGN_STYLE = Automatic;
				PRODUCT_NAME = "$(TARGET_NAME)";
				SWIFT_ACTIVE_COMPILATION_CONDITIONS = DEBUG;
				SWIFT_OPTIMIZATION_LEVEL = "-Onone";
				SWIFT_VERSION = 4.2;
			};
			name = Debug;
		};
		0DDA1388225E168200AFAE55 /* Release */ = {
			isa = XCBuildConfiguration;
			buildSettings = {
				CODE_SIGN_STYLE = Automatic;
				PRODUCT_NAME = "$(TARGET_NAME)";
				SWIFT_COMPILATION_MODE = wholemodule;
				SWIFT_OPTIMIZATION_LEVEL = "-O";
				SWIFT_VERSION = 4.2;
			};
			name = Release;
		};
/* End XCBuildConfiguration section */

/* Begin XCConfigurationList section */
		0D4B4B9322675791006DBEC8 /* Build configuration list for PBXNativeTarget "循环链表" */ = {
			isa = XCConfigurationList;
			buildConfigurations = (
				0D4B4B9122675791006DBEC8 /* Debug */,
				0D4B4B9222675791006DBEC8 /* Release */,
			);
			defaultConfigurationIsVisible = 0;
			defaultConfigurationName = Release;
		};
		0D9DDE8122755E940004091E /* Build configuration list for PBXNativeTarget "递归" */ = {
			isa = XCConfigurationList;
			buildConfigurations = (
				0D9DDE7F22755E940004091E /* Debug */,
				0D9DDE8022755E940004091E /* Release */,
			);
			defaultConfigurationIsVisible = 0;
			defaultConfigurationName = Release;
		};
		0DA1F755226B148D00C93FEA /* Build configuration list for PBXNativeTarget "双向链表" */ = {
			isa = XCConfigurationList;
			buildConfigurations = (
				0DA1F753226B148D00C93FEA /* Debug */,
				0DA1F754226B148D00C93FEA /* Release */,
			);
			defaultConfigurationIsVisible = 0;
			defaultConfigurationName = Release;
		};
		0DAAB38D22563CBA001F7B57 /* Build configuration list for PBXNativeTarget "线性结构-链表" */ = {
			isa = XCConfigurationList;
			buildConfigurations = (
				0DAAB38B22563CBA001F7B57 /* Debug */,
				0DAAB38C22563CBA001F7B57 /* Release */,
			);
			defaultConfigurationIsVisible = 0;
			defaultConfigurationName = Release;
		};
		0DAFC85A2249D1B5009DADD7 /* Build configuration list for PBXProject "数据结构与算法" */ = {
			isa = XCConfigurationList;
			buildConfigurations = (
				0DAFC8642249D1B5009DADD7 /* Debug */,
				0DAFC8652249D1B5009DADD7 /* Release */,
			);
			defaultConfigurationIsVisible = 0;
			defaultConfigurationName = Release;
		};
		0DB3CF06224D9FFF002FF93E /* Build configuration list for PBXNativeTarget "线性结构-顺序结构" */ = {
			isa = XCConfigurationList;
			buildConfigurations = (
				0DB3CF07224D9FFF002FF93E /* Debug */,
				0DB3CF08224D9FFF002FF93E /* Release */,
			);
			defaultConfigurationIsVisible = 0;
			defaultConfigurationName = Release;
		};
		0DDA1389225E168200AFAE55 /* Build configuration list for PBXNativeTarget "静态链表" */ = {
			isa = XCConfigurationList;
			buildConfigurations = (
				0DDA1387225E168200AFAE55 /* Debug */,
				0DDA1388225E168200AFAE55 /* Release */,
			);
			defaultConfigurationIsVisible = 0;
			defaultConfigurationName = Release;
		};
/* End XCConfigurationList section */
	};
	rootObject = 0DAFC8572249D1B5009DADD7 /* Project object */;
}
